
Microsoft Visual Studio Solution File, Format Version 12.00
# Visual Studio Version 17
VisualStudioVersion = 17.3.32804.467
MinimumVisualStudioVersion = 10.0.40219.1
Project("{2150E333-8FDC-42A3-9474-1A3956D46DE8}") = "src", "src", "{67C57B55-EC29-4F01-B8ED-C67A8E098EB0}"
EndProject
Project("{2150E333-8FDC-42A3-9474-1A3956D46DE8}") = "ApiGateway", "ApiGateway", "{D3DC9240-E5C9-4392-A1A6-63851A9A94CC}"
EndProject
Project("{2150E333-8FDC-42A3-9474-1A3956D46DE8}") = "Services", "Services", "{ADBFD45C-FBFD-406E-8152-9CCDB8C979EF}"
EndProject
Project("{2150E333-8FDC-42A3-9474-1A3956D46DE8}") = "BasketService", "BasketService", "{E1DC1B86-437E-47E4-899F-2C4A84913B07}"
EndProject
Project("{FAE04EC0-301F-11D3-BF4B-00C04F79EFBC}") = "BasketService.Domain", "src\Services\BasketService\BasketService.Domain\BasketService.Domain.csproj", "{B573234D-B00D-4213-B97B-D0A611A48354}"
EndProject
Project("{FAE04EC0-301F-11D3-BF4B-00C04F79EFBC}") = "BasketService.Application", "src\Services\BasketService\BasketService.Application\BasketService.Application.csproj", "{7D52D5C7-5018-4D3A-BBD5-5CC1EB0D2EF7}"
EndProject
Project("{FAE04EC0-301F-11D3-BF4B-00C04F79EFBC}") = "BasketService.Persistence", "src\Services\BasketService\BasketService.Persistence\BasketService.Persistence.csproj", "{26956157-2E6B-48D0-9974-5AC065611A06}"
EndProject
Project("{FAE04EC0-301F-11D3-BF4B-00C04F79EFBC}") = "BasketService.Api", "src\Services\BasketService\BasketService.Api\BasketService.Api.csproj", "{351AA266-7669-4AC1-8FCF-D165A570642A}"
EndProject
Project("{2150E333-8FDC-42A3-9474-1A3956D46DE8}") = "CatalogService", "CatalogService", "{D3496C34-9813-4E05-99B5-588E079B6D48}"
EndProject
Project("{FAE04EC0-301F-11D3-BF4B-00C04F79EFBC}") = "CatalogService.Domain", "src\Services\CatalogService\CatalogService.Domain\CatalogService.Domain.csproj", "{6FF40458-B525-481E-BDFD-888E51912BBA}"
EndProject
Project("{FAE04EC0-301F-11D3-BF4B-00C04F79EFBC}") = "CatalogService.Persistence", "src\Services\CatalogService\CatalogService.Persistence\CatalogService.Persistence.csproj", "{2F0E8CBA-E733-4E5D-8716-D8DADD6E5ED9}"
EndProject
Project("{FAE04EC0-301F-11D3-BF4B-00C04F79EFBC}") = "CatalogService.Application", "src\Services\CatalogService\CatalogService.Application\CatalogService.Application.csproj", "{D154E54C-48BB-4F1D-A9E1-1DBCE04C7654}"
EndProject
Project("{FAE04EC0-301F-11D3-BF4B-00C04F79EFBC}") = "CatalogService.Api", "src\Services\CatalogService\CatalogService.Api\CatalogService.Api.csproj", "{3016B4A8-3E05-4005-9262-E92A80407274}"
EndProject
Project("{2150E333-8FDC-42A3-9474-1A3956D46DE8}") = "IdentityService", "IdentityService", "{A393C092-D4E9-4C88-8422-1BA9CDF1D4CA}"
EndProject
Project("{FAE04EC0-301F-11D3-BF4B-00C04F79EFBC}") = "IdentityServer.Api", "src\Services\IdentityService\IdentityServer.Api\IdentityServer.Api.csproj", "{AE0A2433-D0C5-40DD-A7C1-3FDAE38FD915}"
EndProject
Project("{2150E333-8FDC-42A3-9474-1A3956D46DE8}") = "NotificationService", "NotificationService", "{B045279C-D544-45E3-BB11-9E66635B2650}"
EndProject
Project("{FAE04EC0-301F-11D3-BF4B-00C04F79EFBC}") = "NotificationService", "src\Services\NotificationService\NotificationService\NotificationService.csproj", "{421602ED-1956-4AFF-901B-61A06C86CE99}"
EndProject
Project("{2150E333-8FDC-42A3-9474-1A3956D46DE8}") = "OrderService", "OrderService", "{52006407-B1D8-45B9-B7E9-4B596F3B0560}"
EndProject
Project("{FAE04EC0-301F-11D3-BF4B-00C04F79EFBC}") = "OrderService.Domain", "src\Services\OrderService\OrderService.Domain\OrderService.Domain.csproj", "{AD16D9B7-912A-40CA-ABC9-CD43E35495EC}"
EndProject
Project("{FAE04EC0-301F-11D3-BF4B-00C04F79EFBC}") = "OrderService.Application", "src\Services\OrderService\OrderService.Application\OrderService.Application.csproj", "{5F905430-34AF-44BF-AA49-7BC620D60E1F}"
EndProject
Project("{FAE04EC0-301F-11D3-BF4B-00C04F79EFBC}") = "OrderService.Persistence", "src\Services\OrderService\OrderService.Persistence\OrderService.Persistence.csproj", "{0D045A0C-E0D1-4BA0-8D54-EFE9BFB146E6}"
EndProject
Project("{FAE04EC0-301F-11D3-BF4B-00C04F79EFBC}") = "OrderService.Api", "src\Services\OrderService\OrderService.Api\OrderService.Api.csproj", "{A65DD67B-8CE3-468A-87D6-EDD901B36DBA}"
EndProject
Project("{2150E333-8FDC-42A3-9474-1A3956D46DE8}") = "PaymentService", "PaymentService", "{7DDFF60E-0984-4253-8877-D976C3AAF110}"
EndProject
Project("{FAE04EC0-301F-11D3-BF4B-00C04F79EFBC}") = "PaymentService.Domain", "src\Services\PaymentService\PaymentService.Domain\PaymentService.Domain.csproj", "{614E76F4-8460-4674-A55B-4641FC7D9476}"
EndProject
Project("{FAE04EC0-301F-11D3-BF4B-00C04F79EFBC}") = "PaymentService.Application", "src\Services\PaymentService\PaymentService.Application\PaymentService.Application.csproj", "{39D6E260-9280-4C83-BD05-2F5F70EE4B2C}"
EndProject
Project("{FAE04EC0-301F-11D3-BF4B-00C04F79EFBC}") = "PaymentService.Persistence", "src\Services\PaymentService\PaymentService.Persistence\PaymentService.Persistence.csproj", "{14263C77-CA0A-48AA-A4C3-EF0E4ABE92EF}"
EndProject
Project("{FAE04EC0-301F-11D3-BF4B-00C04F79EFBC}") = "PaymentService.Api", "src\Services\PaymentService\PaymentService.Api\PaymentService.Api.csproj", "{EF996AE0-6CA2-4842-AA75-5A759ABFFE70}"
EndProject
Project("{FAE04EC0-301F-11D3-BF4B-00C04F79EFBC}") = "Web.ApiGateway", "src\ApiGateway\Web.ApiGateway\Web.ApiGateway.csproj", "{A7E954DF-A032-465A-B8B1-32529D331EF2}"
EndProject
Project("{2150E333-8FDC-42A3-9474-1A3956D46DE8}") = "Solution Items", "Solution Items", "{62C7AD00-4047-400A-8959-4C067979333F}"
	ProjectSection(SolutionItems) = preProject
		.gitignore = .gitignore
	EndProjectSection
EndProject
Global
	GlobalSection(SolutionConfigurationPlatforms) = preSolution
		Debug|Any CPU = Debug|Any CPU
		Release|Any CPU = Release|Any CPU
	EndGlobalSection
	GlobalSection(ProjectConfigurationPlatforms) = postSolution
		{B573234D-B00D-4213-B97B-D0A611A48354}.Debug|Any CPU.ActiveCfg = Debug|Any CPU
		{B573234D-B00D-4213-B97B-D0A611A48354}.Debug|Any CPU.Build.0 = Debug|Any CPU
		{B573234D-B00D-4213-B97B-D0A611A48354}.Release|Any CPU.ActiveCfg = Release|Any CPU
		{B573234D-B00D-4213-B97B-D0A611A48354}.Release|Any CPU.Build.0 = Release|Any CPU
		{7D52D5C7-5018-4D3A-BBD5-5CC1EB0D2EF7}.Debug|Any CPU.ActiveCfg = Debug|Any CPU
		{7D52D5C7-5018-4D3A-BBD5-5CC1EB0D2EF7}.Debug|Any CPU.Build.0 = Debug|Any CPU
		{7D52D5C7-5018-4D3A-BBD5-5CC1EB0D2EF7}.Release|Any CPU.ActiveCfg = Release|Any CPU
		{7D52D5C7-5018-4D3A-BBD5-5CC1EB0D2EF7}.Release|Any CPU.Build.0 = Release|Any CPU
		{26956157-2E6B-48D0-9974-5AC065611A06}.Debug|Any CPU.ActiveCfg = Debug|Any CPU
		{26956157-2E6B-48D0-9974-5AC065611A06}.Debug|Any CPU.Build.0 = Debug|Any CPU
		{26956157-2E6B-48D0-9974-5AC065611A06}.Release|Any CPU.ActiveCfg = Release|Any CPU
		{26956157-2E6B-48D0-9974-5AC065611A06}.Release|Any CPU.Build.0 = Release|Any CPU
		{351AA266-7669-4AC1-8FCF-D165A570642A}.Debug|Any CPU.ActiveCfg = Debug|Any CPU
		{351AA266-7669-4AC1-8FCF-D165A570642A}.Debug|Any CPU.Build.0 = Debug|Any CPU
		{351AA266-7669-4AC1-8FCF-D165A570642A}.Release|Any CPU.ActiveCfg = Release|Any CPU
		{351AA266-7669-4AC1-8FCF-D165A570642A}.Release|Any CPU.Build.0 = Release|Any CPU
		{6FF40458-B525-481E-BDFD-888E51912BBA}.Debug|Any CPU.ActiveCfg = Debug|Any CPU
		{6FF40458-B525-481E-BDFD-888E51912BBA}.Debug|Any CPU.Build.0 = Debug|Any CPU
		{6FF40458-B525-481E-BDFD-888E51912BBA}.Release|Any CPU.ActiveCfg = Release|Any CPU
		{6FF40458-B525-481E-BDFD-888E51912BBA}.Release|Any CPU.Build.0 = Release|Any CPU
		{2F0E8CBA-E733-4E5D-8716-D8DADD6E5ED9}.Debug|Any CPU.ActiveCfg = Debug|Any CPU
		{2F0E8CBA-E733-4E5D-8716-D8DADD6E5ED9}.Debug|Any CPU.Build.0 = Debug|Any CPU
		{2F0E8CBA-E733-4E5D-8716-D8DADD6E5ED9}.Release|Any CPU.ActiveCfg = Release|Any CPU
		{2F0E8CBA-E733-4E5D-8716-D8DADD6E5ED9}.Release|Any CPU.Build.0 = Release|Any CPU
		{D154E54C-48BB-4F1D-A9E1-1DBCE04C7654}.Debug|Any CPU.ActiveCfg = Debug|Any CPU
		{D154E54C-48BB-4F1D-A9E1-1DBCE04C7654}.Debug|Any CPU.Build.0 = Debug|Any CPU
		{D154E54C-48BB-4F1D-A9E1-1DBCE04C7654}.Release|Any CPU.ActiveCfg = Release|Any CPU
		{D154E54C-48BB-4F1D-A9E1-1DBCE04C7654}.Release|Any CPU.Build.0 = Release|Any CPU
		{3016B4A8-3E05-4005-9262-E92A80407274}.Debug|Any CPU.ActiveCfg = Debug|Any CPU
		{3016B4A8-3E05-4005-9262-E92A80407274}.Debug|Any CPU.Build.0 = Debug|Any CPU
		{3016B4A8-3E05-4005-9262-E92A80407274}.Release|Any CPU.ActiveCfg = Release|Any CPU
		{3016B4A8-3E05-4005-9262-E92A80407274}.Release|Any CPU.Build.0 = Release|Any CPU
		{AE0A2433-D0C5-40DD-A7C1-3FDAE38FD915}.Debug|Any CPU.ActiveCfg = Debug|Any CPU
		{AE0A2433-D0C5-40DD-A7C1-3FDAE38FD915}.Debug|Any CPU.Build.0 = Debug|Any CPU
		{AE0A2433-D0C5-40DD-A7C1-3FDAE38FD915}.Release|Any CPU.ActiveCfg = Release|Any CPU
		{AE0A2433-D0C5-40DD-A7C1-3FDAE38FD915}.Release|Any CPU.Build.0 = Release|Any CPU
		{421602ED-1956-4AFF-901B-61A06C86CE99}.Debug|Any CPU.ActiveCfg = Debug|Any CPU
		{421602ED-1956-4AFF-901B-61A06C86CE99}.Debug|Any CPU.Build.0 = Debug|Any CPU
		{421602ED-1956-4AFF-901B-61A06C86CE99}.Release|Any CPU.ActiveCfg = Release|Any CPU
		{421602ED-1956-4AFF-901B-61A06C86CE99}.Release|Any CPU.Build.0 = Release|Any CPU
		{AD16D9B7-912A-40CA-ABC9-CD43E35495EC}.Debug|Any CPU.ActiveCfg = Debug|Any CPU
		{AD16D9B7-912A-40CA-ABC9-CD43E35495EC}.Debug|Any CPU.Build.0 = Debug|Any CPU
		{AD16D9B7-912A-40CA-ABC9-CD43E35495EC}.Release|Any CPU.ActiveCfg = Release|Any CPU
		{AD16D9B7-912A-40CA-ABC9-CD43E35495EC}.Release|Any CPU.Build.0 = Release|Any CPU
		{5F905430-34AF-44BF-AA49-7BC620D60E1F}.Debug|Any CPU.ActiveCfg = Debug|Any CPU
		{5F905430-34AF-44BF-AA49-7BC620D60E1F}.Debug|Any CPU.Build.0 = Debug|Any CPU
		{5F905430-34AF-44BF-AA49-7BC620D60E1F}.Release|Any CPU.ActiveCfg = Release|Any CPU
		{5F905430-34AF-44BF-AA49-7BC620D60E1F}.Release|Any CPU.Build.0 = Release|Any CPU
		{0D045A0C-E0D1-4BA0-8D54-EFE9BFB146E6}.Debug|Any CPU.ActiveCfg = Debug|Any CPU
		{0D045A0C-E0D1-4BA0-8D54-EFE9BFB146E6}.Debug|Any CPU.Build.0 = Debug|Any CPU
		{0D045A0C-E0D1-4BA0-8D54-EFE9BFB146E6}.Release|Any CPU.ActiveCfg = Release|Any CPU
		{0D045A0C-E0D1-4BA0-8D54-EFE9BFB146E6}.Release|Any CPU.Build.0 = Release|Any CPU
		{A65DD67B-8CE3-468A-87D6-EDD901B36DBA}.Debug|Any CPU.ActiveCfg = Debug|Any CPU
		{A65DD67B-8CE3-468A-87D6-EDD901B36DBA}.Debug|Any CPU.Build.0 = Debug|Any CPU
		{A65DD67B-8CE3-468A-87D6-EDD901B36DBA}.Release|Any CPU.ActiveCfg = Release|Any CPU
		{A65DD67B-8CE3-468A-87D6-EDD901B36DBA}.Release|Any CPU.Build.0 = Release|Any CPU
		{614E76F4-8460-4674-A55B-4641FC7D9476}.Debug|Any CPU.ActiveCfg = Debug|Any CPU
		{614E76F4-8460-4674-A55B-4641FC7D9476}.Debug|Any CPU.Build.0 = Debug|Any CPU
		{614E76F4-8460-4674-A55B-4641FC7D9476}.Release|Any CPU.ActiveCfg = Release|Any CPU
		{614E76F4-8460-4674-A55B-4641FC7D9476}.Release|Any CPU.Build.0 = Release|Any CPU
		{39D6E260-9280-4C83-BD05-2F5F70EE4B2C}.Debug|Any CPU.ActiveCfg = Debug|Any CPU
		{39D6E260-9280-4C83-BD05-2F5F70EE4B2C}.Debug|Any CPU.Build.0 = Debug|Any CPU
		{39D6E260-9280-4C83-BD05-2F5F70EE4B2C}.Release|Any CPU.ActiveCfg = Release|Any CPU
		{39D6E260-9280-4C83-BD05-2F5F70EE4B2C}.Release|Any CPU.Build.0 = Release|Any CPU
		{14263C77-CA0A-48AA-A4C3-EF0E4ABE92EF}.Debug|Any CPU.ActiveCfg = Debug|Any CPU
		{14263C77-CA0A-48AA-A4C3-EF0E4ABE92EF}.Debug|Any CPU.Build.0 = Debug|Any CPU
		{14263C77-CA0A-48AA-A4C3-EF0E4ABE92EF}.Release|Any CPU.ActiveCfg = Release|Any CPU
		{14263C77-CA0A-48AA-A4C3-EF0E4ABE92EF}.Release|Any CPU.Build.0 = Release|Any CPU
		{EF996AE0-6CA2-4842-AA75-5A759ABFFE70}.Debug|Any CPU.ActiveCfg = Debug|Any CPU
		{EF996AE0-6CA2-4842-AA75-5A759ABFFE70}.Debug|Any CPU.Build.0 = Debug|Any CPU
		{EF996AE0-6CA2-4842-AA75-5A759ABFFE70}.Release|Any CPU.ActiveCfg = Release|Any CPU
		{EF996AE0-6CA2-4842-AA75-5A759ABFFE70}.Release|Any CPU.Build.0 = Release|Any CPU
		{A7E954DF-A032-465A-B8B1-32529D331EF2}.Debug|Any CPU.ActiveCfg = Debug|Any CPU
		{A7E954DF-A032-465A-B8B1-32529D331EF2}.Debug|Any CPU.Build.0 = Debug|Any CPU
		{A7E954DF-A032-465A-B8B1-32529D331EF2}.Release|Any CPU.ActiveCfg = Release|Any CPU
		{A7E954DF-A032-465A-B8B1-32529D331EF2}.Release|Any CPU.Build.0 = Release|Any CPU
	EndGlobalSection
	GlobalSection(SolutionProperties) = preSolution
		HideSolutionNode = FALSE
	EndGlobalSection
	GlobalSection(NestedProjects) = preSolution
		{D3DC9240-E5C9-4392-A1A6-63851A9A94CC} = {67C57B55-EC29-4F01-B8ED-C67A8E098EB0}
		{ADBFD45C-FBFD-406E-8152-9CCDB8C979EF} = {67C57B55-EC29-4F01-B8ED-C67A8E098EB0}
		{E1DC1B86-437E-47E4-899F-2C4A84913B07} = {ADBFD45C-FBFD-406E-8152-9CCDB8C979EF}
		{B573234D-B00D-4213-B97B-D0A611A48354} = {E1DC1B86-437E-47E4-899F-2C4A84913B07}
		{7D52D5C7-5018-4D3A-BBD5-5CC1EB0D2EF7} = {E1DC1B86-437E-47E4-899F-2C4A84913B07}
		{26956157-2E6B-48D0-9974-5AC065611A06} = {E1DC1B86-437E-47E4-899F-2C4A84913B07}
		{351AA266-7669-4AC1-8FCF-D165A570642A} = {E1DC1B86-437E-47E4-899F-2C4A84913B07}
		{D3496C34-9813-4E05-99B5-588E079B6D48} = {ADBFD45C-FBFD-406E-8152-9CCDB8C979EF}
		{6FF40458-B525-481E-BDFD-888E51912BBA} = {D3496C34-9813-4E05-99B5-588E079B6D48}
		{2F0E8CBA-E733-4E5D-8716-D8DADD6E5ED9} = {D3496C34-9813-4E05-99B5-588E079B6D48}
		{D154E54C-48BB-4F1D-A9E1-1DBCE04C7654} = {D3496C34-9813-4E05-99B5-588E079B6D48}
		{3016B4A8-3E05-4005-9262-E92A80407274} = {D3496C34-9813-4E05-99B5-588E079B6D48}
		{A393C092-D4E9-4C88-8422-1BA9CDF1D4CA} = {ADBFD45C-FBFD-406E-8152-9CCDB8C979EF}
		{AE0A2433-D0C5-40DD-A7C1-3FDAE38FD915} = {A393C092-D4E9-4C88-8422-1BA9CDF1D4CA}
		{B045279C-D544-45E3-BB11-9E66635B2650} = {ADBFD45C-FBFD-406E-8152-9CCDB8C979EF}
		{421602ED-1956-4AFF-901B-61A06C86CE99} = {B045279C-D544-45E3-BB11-9E66635B2650}
		{52006407-B1D8-45B9-B7E9-4B596F3B0560} = {ADBFD45C-FBFD-406E-8152-9CCDB8C979EF}
		{AD16D9B7-912A-40CA-ABC9-CD43E35495EC} = {52006407-B1D8-45B9-B7E9-4B596F3B0560}
		{5F905430-34AF-44BF-AA49-7BC620D60E1F} = {52006407-B1D8-45B9-B7E9-4B596F3B0560}
		{0D045A0C-E0D1-4BA0-8D54-EFE9BFB146E6} = {52006407-B1D8-45B9-B7E9-4B596F3B0560}
		{A65DD67B-8CE3-468A-87D6-EDD901B36DBA} = {52006407-B1D8-45B9-B7E9-4B596F3B0560}
		{7DDFF60E-0984-4253-8877-D976C3AAF110} = {ADBFD45C-FBFD-406E-8152-9CCDB8C979EF}
		{614E76F4-8460-4674-A55B-4641FC7D9476} = {7DDFF60E-0984-4253-8877-D976C3AAF110}
		{39D6E260-9280-4C83-BD05-2F5F70EE4B2C} = {7DDFF60E-0984-4253-8877-D976C3AAF110}
		{14263C77-CA0A-48AA-A4C3-EF0E4ABE92EF} = {7DDFF60E-0984-4253-8877-D976C3AAF110}
		{EF996AE0-6CA2-4842-AA75-5A759ABFFE70} = {7DDFF60E-0984-4253-8877-D976C3AAF110}
		{A7E954DF-A032-465A-B8B1-32529D331EF2} = {D3DC9240-E5C9-4392-A1A6-63851A9A94CC}
	EndGlobalSection
	GlobalSection(ExtensibilityGlobals) = postSolution
		SolutionGuid = {01ED4A04-EE66-48B5-A728-E70D74AE49A0}
	EndGlobalSection
EndGlobal
